
Microsoft Visual Studio Solution File, Format Version 12.00
# Visual Studio Version 17
VisualStudioVersion = 17.8.34330.188
MinimumVisualStudioVersion = 10.0.40219.1
Project("{9A19103F-16F7-4668-BE54-9A1E7A4F7556}") = "BulkyWeb", "BulkyWeb\BulkyWeb.csproj", "{7FCC5ABF-AF9B-46D8-945E-4B4294545E06}"
EndProject
Project("{9A19103F-16F7-4668-BE54-9A1E7A4F7556}") = "Bulky.DataAccess", "Bulky.DataAccess\Bulky.DataAccess.csproj", "{56FFA5FB-8948-457D-9A89-1CA4A06F0E7F}"
EndProject
Project("{9A19103F-16F7-4668-BE54-9A1E7A4F7556}") = "Bulky.Models", "Bulky.Models\Bulky.Models.csproj", "{42834CDD-4CC6-4A14-A6D5-2B262EF5C547}"
EndProject
Project("{9A19103F-16F7-4668-BE54-9A1E7A4F7556}") = "Bulky.Utility", "Bulky.Utility\Bulky.Utility.csproj", "{93D9F585-F2C5-4F21-8DA0-AFEFCBD06463}"
EndProject
Global
	GlobalSection(SolutionConfigurationPlatforms) = preSolution
		Debug|Any CPU = Debug|Any CPU
		Release|Any CPU = Release|Any CPU
	EndGlobalSection
	GlobalSection(ProjectConfigurationPlatforms) = postSolution
		{7FCC5ABF-AF9B-46D8-945E-4B4294545E06}.Debug|Any CPU.ActiveCfg = Debug|Any CPU
		{7FCC5ABF-AF9B-46D8-945E-4B4294545E06}.Debug|Any CPU.Build.0 = Debug|Any CPU
		{7FCC5ABF-AF9B-46D8-945E-4B4294545E06}.Release|Any CPU.ActiveCfg = Release|Any CPU
		{7FCC5ABF-AF9B-46D8-945E-4B4294545E06}.Release|Any CPU.Build.0 = Release|Any CPU
		{56FFA5FB-8948-457D-9A89-1CA4A06F0E7F}.Debug|Any CPU.ActiveCfg = Debug|Any CPU
		{56FFA5FB-8948-457D-9A89-1CA4A06F0E7F}.Debug|Any CPU.Build.0 = Debug|Any CPU
		{56FFA5FB-8948-457D-9A89-1CA4A06F0E7F}.Release|Any CPU.ActiveCfg = Release|Any CPU
		{56FFA5FB-8948-457D-9A89-1CA4A06F0E7F}.Release|Any CPU.Build.0 = Release|Any CPU
		{42834CDD-4CC6-4A14-A6D5-2B262EF5C547}.Debug|Any CPU.ActiveCfg = Debug|Any CPU
		{42834CDD-4CC6-4A14-A6D5-2B262EF5C547}.Debug|Any CPU.Build.0 = Debug|Any CPU
		{42834CDD-4CC6-4A14-A6D5-2B262EF5C547}.Release|Any CPU.ActiveCfg = Release|Any CPU
		{42834CDD-4CC6-4A14-A6D5-2B262EF5C547}.Release|Any CPU.Build.0 = Release|Any CPU
		{93D9F585-F2C5-4F21-8DA0-AFEFCBD06463}.Debug|Any CPU.ActiveCfg = Debug|Any CPU
		{93D9F585-F2C5-4F21-8DA0-AFEFCBD06463}.Debug|Any CPU.Build.0 = Debug|Any CPU
		{93D9F585-F2C5-4F21-8DA0-AFEFCBD06463}.Release|Any CPU.ActiveCfg = Release|Any CPU
		{93D9F585-F2C5-4F21-8DA0-AFEFCBD06463}.Release|Any CPU.Build.0 = Release|Any CPU
	EndGlobalSection
	GlobalSection(SolutionProperties) = preSolution
		HideSolutionNode = FALSE
	EndGlobalSection
	GlobalSection(ExtensibilityGlobals) = postSolution
		SolutionGuid = {D89242BF-7F9D-4928-8BE1-6ABEA3918D17}
	EndGlobalSection
EndGlobal
